
Microsoft Visual Studio Solution File, Format Version 12.00
# Visual Studio Version 16
VisualStudioVersion = 16.0.30907.101
MinimumVisualStudioVersion = 10.0.40219.1
Project("{9A19103F-16F7-4668-BE54-9A1E7A4F7556}") = "Patient Demographics", "Patient Demographics\Patient Demographics.csproj", "{EBA8E62B-6B8B-4DB5-AF6B-FA926F4DDF09}"
EndProject
Project("{E53339B2-1760-4266-BCC7-CA923CBCF16C}") = "docker-compose", "docker-compose.dcproj", "{C8BCC6CC-EE2D-4E55-B00F-0252E00C8A98}"
EndProject
Project("{FAE04EC0-301F-11D3-BF4B-00C04F79EFBC}") = "BlazorPatient", "BlazorPatient\BlazorPatient.csproj", "{5F61055C-097B-46A8-8DC6-75965B2CCB2A}"
EndProject
Global
	GlobalSection(SolutionConfigurationPlatforms) = preSolution
		Debug|Any CPU = Debug|Any CPU
		Release|Any CPU = Release|Any CPU
	EndGlobalSection
	GlobalSection(ProjectConfigurationPlatforms) = postSolution
		{EBA8E62B-6B8B-4DB5-AF6B-FA926F4DDF09}.Debug|Any CPU.ActiveCfg = Debug|Any CPU
		{EBA8E62B-6B8B-4DB5-AF6B-FA926F4DDF09}.Debug|Any CPU.Build.0 = Debug|Any CPU
		{EBA8E62B-6B8B-4DB5-AF6B-FA926F4DDF09}.Release|Any CPU.ActiveCfg = Release|Any CPU
		{EBA8E62B-6B8B-4DB5-AF6B-FA926F4DDF09}.Release|Any CPU.Build.0 = Release|Any CPU
		{C8BCC6CC-EE2D-4E55-B00F-0252E00C8A98}.Debug|Any CPU.ActiveCfg = Debug|Any CPU
		{C8BCC6CC-EE2D-4E55-B00F-0252E00C8A98}.Debug|Any CPU.Build.0 = Debug|Any CPU
		{C8BCC6CC-EE2D-4E55-B00F-0252E00C8A98}.Release|Any CPU.ActiveCfg = Release|Any CPU
		{C8BCC6CC-EE2D-4E55-B00F-0252E00C8A98}.Release|Any CPU.Build.0 = Release|Any CPU
		{5F61055C-097B-46A8-8DC6-75965B2CCB2A}.Debug|Any CPU.ActiveCfg = Debug|Any CPU
		{5F61055C-097B-46A8-8DC6-75965B2CCB2A}.Debug|Any CPU.Build.0 = Debug|Any CPU
		{5F61055C-097B-46A8-8DC6-75965B2CCB2A}.Release|Any CPU.ActiveCfg = Release|Any CPU
		{5F61055C-097B-46A8-8DC6-75965B2CCB2A}.Release|Any CPU.Build.0 = Release|Any CPU
	EndGlobalSection
	GlobalSection(SolutionProperties) = preSolution
		HideSolutionNode = FALSE
	EndGlobalSection
	GlobalSection(ExtensibilityGlobals) = postSolution
		SolutionGuid = {B0A533E3-7831-4947-87A5-2EBABF0C2FFA}
	EndGlobalSection
EndGlobal
